
Microsoft Visual Studio Solution File, Format Version 12.00
# Visual Studio Version 16
VisualStudioVersion = 16.0.30114.105
MinimumVisualStudioVersion = 10.0.40219.1
Project("{2150E333-8FDC-42A3-9474-1A3956D46DE8}") = "Web", "Web", "{D5376369-27D2-40CF-A2A1-CA3478FE509F}"
EndProject
Project("{2150E333-8FDC-42A3-9474-1A3956D46DE8}") = "Services", "Services", "{2201C700-033B-450E-845F-27B8C8D93DE2}"
EndProject
Project("{2150E333-8FDC-42A3-9474-1A3956D46DE8}") = "src", "src", "{5193EE03-1DD3-4023-8CA6-C8E5BFFBD99A}"
EndProject
Project("{FAE04EC0-301F-11D3-BF4B-00C04F79EFBC}") = "documan.api", "Services\documan.api\documan.api.csproj", "{AFEEF5EF-7228-4A14-BC7E-6851E96587AA}"
EndProject
Project("{FAE04EC0-301F-11D3-BF4B-00C04F79EFBC}") = "documan.domain", "Services\documan.domain\documan.domain.csproj", "{C0AF15A4-5CB3-4460-8179-5B914185BC4B}"
EndProject
Project("{FAE04EC0-301F-11D3-BF4B-00C04F79EFBC}") = "documan.worker", "Services\documan.worker\documan.worker.csproj", "{D65DB705-DA99-46C0-8029-8476D642FD55}"
EndProject
Project("{FAE04EC0-301F-11D3-BF4B-00C04F79EFBC}") = "documan.infrastructure", "Services\documan.infrastructure\documan.infrastructure.csproj", "{5FFF6FFF-5458-4023-93D1-E887C8983991}"
EndProject
Project("{2150E333-8FDC-42A3-9474-1A3956D46DE8}") = "Solution Items", "Solution Items", "{0ED4AA98-9472-4CC7-B02C-8AB0B05B43E9}"
	ProjectSection(SolutionItems) = preProject
		..\.editorconfig = ..\.editorconfig
	EndProjectSection
EndProject
Project("{E53339B2-1760-4266-BCC7-CA923CBCF16C}") = "docker-compose", "docker-compose.dcproj", "{8B01D6A9-B185-4FFC-B208-05B2754A11D2}"
EndProject
Global
	GlobalSection(SolutionConfigurationPlatforms) = preSolution
		Debug|Any CPU = Debug|Any CPU
		Debug|x64 = Debug|x64
		Debug|x86 = Debug|x86
		Release|Any CPU = Release|Any CPU
		Release|x64 = Release|x64
		Release|x86 = Release|x86
	EndGlobalSection
	GlobalSection(ProjectConfigurationPlatforms) = postSolution
		{AFEEF5EF-7228-4A14-BC7E-6851E96587AA}.Debug|Any CPU.ActiveCfg = Debug|Any CPU
		{AFEEF5EF-7228-4A14-BC7E-6851E96587AA}.Debug|Any CPU.Build.0 = Debug|Any CPU
		{AFEEF5EF-7228-4A14-BC7E-6851E96587AA}.Debug|x64.ActiveCfg = Debug|Any CPU
		{AFEEF5EF-7228-4A14-BC7E-6851E96587AA}.Debug|x64.Build.0 = Debug|Any CPU
		{AFEEF5EF-7228-4A14-BC7E-6851E96587AA}.Debug|x86.ActiveCfg = Debug|Any CPU
		{AFEEF5EF-7228-4A14-BC7E-6851E96587AA}.Debug|x86.Build.0 = Debug|Any CPU
		{AFEEF5EF-7228-4A14-BC7E-6851E96587AA}.Release|Any CPU.ActiveCfg = Release|Any CPU
		{AFEEF5EF-7228-4A14-BC7E-6851E96587AA}.Release|Any CPU.Build.0 = Release|Any CPU
		{AFEEF5EF-7228-4A14-BC7E-6851E96587AA}.Release|x64.ActiveCfg = Release|Any CPU
		{AFEEF5EF-7228-4A14-BC7E-6851E96587AA}.Release|x64.Build.0 = Release|Any CPU
		{AFEEF5EF-7228-4A14-BC7E-6851E96587AA}.Release|x86.ActiveCfg = Release|Any CPU
		{AFEEF5EF-7228-4A14-BC7E-6851E96587AA}.Release|x86.Build.0 = Release|Any CPU
		{C0AF15A4-5CB3-4460-8179-5B914185BC4B}.Debug|Any CPU.ActiveCfg = Debug|Any CPU
		{C0AF15A4-5CB3-4460-8179-5B914185BC4B}.Debug|Any CPU.Build.0 = Debug|Any CPU
		{C0AF15A4-5CB3-4460-8179-5B914185BC4B}.Debug|x64.ActiveCfg = Debug|Any CPU
		{C0AF15A4-5CB3-4460-8179-5B914185BC4B}.Debug|x64.Build.0 = Debug|Any CPU
		{C0AF15A4-5CB3-4460-8179-5B914185BC4B}.Debug|x86.ActiveCfg = Debug|Any CPU
		{C0AF15A4-5CB3-4460-8179-5B914185BC4B}.Debug|x86.Build.0 = Debug|Any CPU
		{C0AF15A4-5CB3-4460-8179-5B914185BC4B}.Release|Any CPU.ActiveCfg = Release|Any CPU
		{C0AF15A4-5CB3-4460-8179-5B914185BC4B}.Release|Any CPU.Build.0 = Release|Any CPU
		{C0AF15A4-5CB3-4460-8179-5B914185BC4B}.Release|x64.ActiveCfg = Release|Any CPU
		{C0AF15A4-5CB3-4460-8179-5B914185BC4B}.Release|x64.Build.0 = Release|Any CPU
		{C0AF15A4-5CB3-4460-8179-5B914185BC4B}.Release|x86.ActiveCfg = Release|Any CPU
		{C0AF15A4-5CB3-4460-8179-5B914185BC4B}.Release|x86.Build.0 = Release|Any CPU
		{D65DB705-DA99-46C0-8029-8476D642FD55}.Debug|Any CPU.ActiveCfg = Debug|Any CPU
		{D65DB705-DA99-46C0-8029-8476D642FD55}.Debug|Any CPU.Build.0 = Debug|Any CPU
		{D65DB705-DA99-46C0-8029-8476D642FD55}.Debug|x64.ActiveCfg = Debug|Any CPU
		{D65DB705-DA99-46C0-8029-8476D642FD55}.Debug|x64.Build.0 = Debug|Any CPU
		{D65DB705-DA99-46C0-8029-8476D642FD55}.Debug|x86.ActiveCfg = Debug|Any CPU
		{D65DB705-DA99-46C0-8029-8476D642FD55}.Debug|x86.Build.0 = Debug|Any CPU
		{D65DB705-DA99-46C0-8029-8476D642FD55}.Release|Any CPU.ActiveCfg = Release|Any CPU
		{D65DB705-DA99-46C0-8029-8476D642FD55}.Release|Any CPU.Build.0 = Release|Any CPU
		{D65DB705-DA99-46C0-8029-8476D642FD55}.Release|x64.ActiveCfg = Release|Any CPU
		{D65DB705-DA99-46C0-8029-8476D642FD55}.Release|x64.Build.0 = Release|Any CPU
		{D65DB705-DA99-46C0-8029-8476D642FD55}.Release|x86.ActiveCfg = Release|Any CPU
		{D65DB705-DA99-46C0-8029-8476D642FD55}.Release|x86.Build.0 = Release|Any CPU
		{5FFF6FFF-5458-4023-93D1-E887C8983991}.Debug|Any CPU.ActiveCfg = Debug|Any CPU
		{5FFF6FFF-5458-4023-93D1-E887C8983991}.Debug|Any CPU.Build.0 = Debug|Any CPU
		{5FFF6FFF-5458-4023-93D1-E887C8983991}.Debug|x64.ActiveCfg = Debug|Any CPU
		{5FFF6FFF-5458-4023-93D1-E887C8983991}.Debug|x64.Build.0 = Debug|Any CPU
		{5FFF6FFF-5458-4023-93D1-E887C8983991}.Debug|x86.ActiveCfg = Debug|Any CPU
		{5FFF6FFF-5458-4023-93D1-E887C8983991}.Debug|x86.Build.0 = Debug|Any CPU
		{5FFF6FFF-5458-4023-93D1-E887C8983991}.Release|Any CPU.ActiveCfg = Release|Any CPU
		{5FFF6FFF-5458-4023-93D1-E887C8983991}.Release|Any CPU.Build.0 = Release|Any CPU
		{5FFF6FFF-5458-4023-93D1-E887C8983991}.Release|x64.ActiveCfg = Release|Any CPU
		{5FFF6FFF-5458-4023-93D1-E887C8983991}.Release|x64.Build.0 = Release|Any CPU
		{5FFF6FFF-5458-4023-93D1-E887C8983991}.Release|x86.ActiveCfg = Release|Any CPU
		{5FFF6FFF-5458-4023-93D1-E887C8983991}.Release|x86.Build.0 = Release|Any CPU
		{8B01D6A9-B185-4FFC-B208-05B2754A11D2}.Debug|Any CPU.ActiveCfg = Debug|Any CPU
		{8B01D6A9-B185-4FFC-B208-05B2754A11D2}.Debug|Any CPU.Build.0 = Debug|Any CPU
		{8B01D6A9-B185-4FFC-B208-05B2754A11D2}.Debug|x64.ActiveCfg = Debug|Any CPU
		{8B01D6A9-B185-4FFC-B208-05B2754A11D2}.Debug|x64.Build.0 = Debug|Any CPU
		{8B01D6A9-B185-4FFC-B208-05B2754A11D2}.Debug|x86.ActiveCfg = Debug|Any CPU
		{8B01D6A9-B185-4FFC-B208-05B2754A11D2}.Debug|x86.Build.0 = Debug|Any CPU
		{8B01D6A9-B185-4FFC-B208-05B2754A11D2}.Release|Any CPU.ActiveCfg = Release|Any CPU
		{8B01D6A9-B185-4FFC-B208-05B2754A11D2}.Release|Any CPU.Build.0 = Release|Any CPU
		{8B01D6A9-B185-4FFC-B208-05B2754A11D2}.Release|x64.ActiveCfg = Release|Any CPU
		{8B01D6A9-B185-4FFC-B208-05B2754A11D2}.Release|x64.Build.0 = Release|Any CPU
		{8B01D6A9-B185-4FFC-B208-05B2754A11D2}.Release|x86.ActiveCfg = Release|Any CPU
		{8B01D6A9-B185-4FFC-B208-05B2754A11D2}.Release|x86.Build.0 = Release|Any CPU
	EndGlobalSection
	GlobalSection(SolutionProperties) = preSolution
		HideSolutionNode = FALSE
	EndGlobalSection
	GlobalSection(NestedProjects) = preSolution
		{D5376369-27D2-40CF-A2A1-CA3478FE509F} = {5193EE03-1DD3-4023-8CA6-C8E5BFFBD99A}
		{2201C700-033B-450E-845F-27B8C8D93DE2} = {5193EE03-1DD3-4023-8CA6-C8E5BFFBD99A}
		{AFEEF5EF-7228-4A14-BC7E-6851E96587AA} = {2201C700-033B-450E-845F-27B8C8D93DE2}
		{C0AF15A4-5CB3-4460-8179-5B914185BC4B} = {2201C700-033B-450E-845F-27B8C8D93DE2}
		{D65DB705-DA99-46C0-8029-8476D642FD55} = {2201C700-033B-450E-845F-27B8C8D93DE2}
		{5FFF6FFF-5458-4023-93D1-E887C8983991} = {2201C700-033B-450E-845F-27B8C8D93DE2}
	EndGlobalSection
	GlobalSection(ExtensibilityGlobals) = postSolution
		SolutionGuid = {775C6997-8396-48FF-9DCA-351E20C7A3CC}
	EndGlobalSection
EndGlobal
